
Microsoft Visual Studio Solution File, Format Version 12.00
# Visual Studio Version 17
VisualStudioVersion = 17.2.32616.157
MinimumVisualStudioVersion = 10.0.40219.1
Project("{FAE04EC0-301F-11D3-BF4B-00C04F79EFBC}") = "Portfolio", "Portfolio\Portfolio.csproj", "{918EC82E-2071-4168-B29A-627CEF5EB5E5}"
EndProject
Global
	GlobalSection(SolutionConfigurationPlatforms) = preSolution
		Debug|Any CPU = Debug|Any CPU
		Release|Any CPU = Release|Any CPU
	EndGlobalSection
	GlobalSection(ProjectConfigurationPlatforms) = postSolution
		{918EC82E-2071-4168-B29A-627CEF5EB5E5}.Debug|Any CPU.ActiveCfg = Debug|Any CPU
		{918EC82E-2071-4168-B29A-627CEF5EB5E5}.Debug|Any CPU.Build.0 = Debug|Any CPU
		{918EC82E-2071-4168-B29A-627CEF5EB5E5}.Release|Any CPU.ActiveCfg = Release|Any CPU
		{918EC82E-2071-4168-B29A-627CEF5EB5E5}.Release|Any CPU.Build.0 = Release|Any CPU
	EndGlobalSection
	GlobalSection(SolutionProperties) = preSolution
		HideSolutionNode = FALSE
	EndGlobalSection
	GlobalSection(ExtensibilityGlobals) = postSolution
		SolutionGuid = {DBCB06A0-72F5-410C-A923-3FCA2A454DBA}
	EndGlobalSection
EndGlobal
